// !$*UTF8*$!
{
	archiveVersion = 1;
	classes = {
	};
	objectVersion = 46;
	objects = {

/* Begin PBXBuildFile section */
		1A01186513F45CD0000372F3 /* Kolodvor.m in Sources */ = {isa = PBXBuildFile; fileRef = 1A01186413F45CCF000372F3 /* Kolodvor.m */; };
		1A1069BD13C25FA80084C199 /* Raspored.m in Sources */ = {isa = PBXBuildFile; fileRef = 1A1069BC13C25FA80084C199 /* Raspored.m */; };
		1A1069C013C25FBC0084C199 /* Putovanje.m in Sources */ = {isa = PBXBuildFile; fileRef = 1A1069BF13C25FBC0084C199 /* Putovanje.m */; };
		1A179D6513CF5BC3005AADA2 /* MainViewController.m in Sources */ = {isa = PBXBuildFile; fileRef = 1A179D6313CF5BC3005AADA2 /* MainViewController.m */; };
		1A1DC95E14ABCC70005C23B6 /* cellback.png in Resources */ = {isa = PBXBuildFile; fileRef = 1A1DC95C14ABCC70005C23B6 /* cellback.png */; };
		1A1DC95F14ABCC70005C23B6 /* cellback@2x.png in Resources */ = {isa = PBXBuildFile; fileRef = 1A1DC95D14ABCC70005C23B6 /* cellback@2x.png */; };
		1A24E8F81402D35100F4FE67 /* FavoritiViewController.m in Sources */ = {isa = PBXBuildFile; fileRef = 1A24E8F61402D35100F4FE67 /* FavoritiViewController.m */; };
		1A49E3B7142284B3008DDBDE /* InfoViewController.m in Sources */ = {isa = PBXBuildFile; fileRef = 1A49E3B5142284B3008DDBDE /* InfoViewController.m */; };
		1A732FC2132ED2F80076C736 /* HZiface.m in Sources */ = {isa = PBXBuildFile; fileRef = 1A732FC1132ED2F80076C736 /* HZiface.m */; };
		1A77FBDF134A530B00E52C04 /* QuartzCore.framework in Frameworks */ = {isa = PBXBuildFile; fileRef = 1A77FBDE134A530B00E52C04 /* QuartzCore.framework */; };
		1A7A6A79133F956F00BB4F4D /* RezultatiParser.m in Sources */ = {isa = PBXBuildFile; fileRef = 1A7A6A78133F956F00BB4F4D /* RezultatiParser.m */; };
		1A7B7654133DE8CB00016AE3 /* KolodvorViewController.m in Sources */ = {isa = PBXBuildFile; fileRef = 1A7B7653133DE8CB00016AE3 /* KolodvorViewController.m */; };
		1A7C524B13FBA80A0012C113 /* Appirater.m in Sources */ = {isa = PBXBuildFile; fileRef = 1A7C524A13FBA80A0012C113 /* Appirater.m */; };
		1A80BF391368B23600BD80B3 /* Linija.m in Sources */ = {isa = PBXBuildFile; fileRef = 1A80BF381368B23500BD80B3 /* Linija.m */; };
		1A817E8B1323B6120046027B /* OdlazniViewController.m in Sources */ = {isa = PBXBuildFile; fileRef = 1A817E8A1323B6120046027B /* OdlazniViewController.m */; };
		1A817E8E1323B61F0046027B /* DolazniViewController.m in Sources */ = {isa = PBXBuildFile; fileRef = 1A817E8D1323B61F0046027B /* DolazniViewController.m */; };
		1A817E911323B62D0046027B /* VrijemeViewController.m in Sources */ = {isa = PBXBuildFile; fileRef = 1A817E901323B62D0046027B /* VrijemeViewController.m */; };
		1A817E941323B6500046027B /* RezultatiViewController.m in Sources */ = {isa = PBXBuildFile; fileRef = 1A817E931323B6500046027B /* RezultatiViewController.m */; };
		1A9DEE751356453700B04003 /* Indicators.m in Sources */ = {isa = PBXBuildFile; fileRef = 1A9DEE741356453700B04003 /* Indicators.m */; };
		1AA02B4114AF89190001467E /* Prolaziste.m in Sources */ = {isa = PBXBuildFile; fileRef = 1AA02B4014AF89190001467E /* Prolaziste.m */; };
		1AA02B4414AF8A4C0001467E /* LiveInfo.m in Sources */ = {isa = PBXBuildFile; fileRef = 1AA02B4314AF8A4C0001467E /* LiveInfo.m */; };
		1AA02B4814AF8AF10001467E /* ProlazisteTableViewCell.xib in Resources */ = {isa = PBXBuildFile; fileRef = 1AA02B4714AF8AF10001467E /* ProlazisteTableViewCell.xib */; };
		1AA02B4A14AF8BF10001467E /* LiveInfoView.xib in Resources */ = {isa = PBXBuildFile; fileRef = 1AA02B4914AF8BF10001467E /* LiveInfoView.xib */; };
		1AA02B4D14AF8D360001467E /* LiveInfoViewController.m in Sources */ = {isa = PBXBuildFile; fileRef = 1AA02B4C14AF8D360001467E /* LiveInfoViewController.m */; };
		1AAE71801406E663001A2CA1 /* DataModel.xcdatamodeld in Sources */ = {isa = PBXBuildFile; fileRef = 1AAE717E1406E663001A2CA1 /* DataModel.xcdatamodeld */; };
		1AAE71821406E68D001A2CA1 /* CoreData.framework in Frameworks */ = {isa = PBXBuildFile; fileRef = 1AAE71811406E68D001A2CA1 /* CoreData.framework */; };
		1AAE71881406F985001A2CA1 /* Favorit.m in Sources */ = {isa = PBXBuildFile; fileRef = 1AAE71871406F985001A2CA1 /* Favorit.m */; };
		1ACFEF7214AA76E90084FAB2 /* background.png in Resources */ = {isa = PBXBuildFile; fileRef = 1ACFEF2214AA76E90084FAB2 /* background.png */; };
		1ACFEF7314AA76E90084FAB2 /* background@2x.png in Resources */ = {isa = PBXBuildFile; fileRef = 1ACFEF2314AA76E90084FAB2 /* background@2x.png */; };
		1ACFEF7414AA76E90084FAB2 /* Default.png in Resources */ = {isa = PBXBuildFile; fileRef = 1ACFEF2414AA76E90084FAB2 /* Default.png */; };
		1ACFEF7514AA76E90084FAB2 /* Default@2x.png in Resources */ = {isa = PBXBuildFile; fileRef = 1ACFEF2514AA76E90084FAB2 /* Default@2x.png */; };
		1ACFEF7614AA76E90084FAB2 /* blueButton.png in Resources */ = {isa = PBXBuildFile; fileRef = 1ACFEF2714AA76E90084FAB2 /* blueButton.png */; };
		1ACFEF7714AA76E90084FAB2 /* darkgreenButton.png in Resources */ = {isa = PBXBuildFile; fileRef = 1ACFEF2814AA76E90084FAB2 /* darkgreenButton.png */; };
		1ACFEF7814AA76E90084FAB2 /* darkgreenButton@2x.png in Resources */ = {isa = PBXBuildFile; fileRef = 1ACFEF2914AA76E90084FAB2 /* darkgreenButton@2x.png */; };
		1ACFEF7914AA76E90084FAB2 /* greenButton.png in Resources */ = {isa = PBXBuildFile; fileRef = 1ACFEF2A14AA76E90084FAB2 /* greenButton.png */; };
		1ACFEF7A14AA76E90084FAB2 /* greenButton@2x.png in Resources */ = {isa = PBXBuildFile; fileRef = 1ACFEF2B14AA76E90084FAB2 /* greenButton@2x.png */; };
		1ACFEF7B14AA76E90084FAB2 /* redButton.png in Resources */ = {isa = PBXBuildFile; fileRef = 1ACFEF2C14AA76E90084FAB2 /* redButton.png */; };
		1ACFEF7C14AA76E90084FAB2 /* redButton@2x.png in Resources */ = {isa = PBXBuildFile; fileRef = 1ACFEF2D14AA76E90084FAB2 /* redButton@2x.png */; };
		1ACFEF7D14AA76E90084FAB2 /* whiteButton.png in Resources */ = {isa = PBXBuildFile; fileRef = 1ACFEF2E14AA76E90084FAB2 /* whiteButton.png */; };
		1ACFEF7E14AA76E90084FAB2 /* iHZNet114.png in Resources */ = {isa = PBXBuildFile; fileRef = 1ACFEF3014AA76E90084FAB2 /* iHZNet114.png */; };
		1ACFEF7F14AA76E90084FAB2 /* iHZNet512.png in Resources */ = {isa = PBXBuildFile; fileRef = 1ACFEF3114AA76E90084FAB2 /* iHZNet512.png */; };
		1ACFEF8014AA76E90084FAB2 /* iHZNet57.png in Resources */ = {isa = PBXBuildFile; fileRef = 1ACFEF3214AA76E90084FAB2 /* iHZNet57.png */; };
		1ACFEF8114AA76E90084FAB2 /* AUTOMOBIL.png in Resources */ = {isa = PBXBuildFile; fileRef = 1ACFEF3514AA76E90084FAB2 /* AUTOMOBIL.png */; };
		1ACFEF8214AA76E90084FAB2 /* AUTOMOBIL@2x.png in Resources */ = {isa = PBXBuildFile; fileRef = 1ACFEF3614AA76E90084FAB2 /* AUTOMOBIL@2x.png */; };
		1ACFEF8314AA76E90084FAB2 /* BICIKL.png in Resources */ = {isa = PBXBuildFile; fileRef = 1ACFEF3714AA76E90084FAB2 /* BICIKL.png */; };
		1ACFEF8414AA76E90084FAB2 /* BICIKL@2x.png in Resources */ = {isa = PBXBuildFile; fileRef = 1ACFEF3814AA76E90084FAB2 /* BICIKL@2x.png */; };
		1ACFEF8514AA76E90084FAB2 /* BUFFET.png in Resources */ = {isa = PBXBuildFile; fileRef = 1ACFEF3914AA76E90084FAB2 /* BUFFET.png */; };
		1ACFEF8614AA76E90084FAB2 /* BUFFET@2x.png in Resources */ = {isa = PBXBuildFile; fileRef = 1ACFEF3A14AA76E90084FAB2 /* BUFFET@2x.png */; };
		1ACFEF8714AA76E90084FAB2 /* KREVET.png in Resources */ = {isa = PBXBuildFile; fileRef = 1ACFEF3B14AA76E90084FAB2 /* KREVET.png */; };
		1ACFEF8814AA76E90084FAB2 /* KREVET@2x.png in Resources */ = {isa = PBXBuildFile; fileRef = 1ACFEF3C14AA76E90084FAB2 /* KREVET@2x.png */; };
		1ACFEF8914AA76E90084FAB2 /* RAZRED1.png in Resources */ = {isa = PBXBuildFile; fileRef = 1ACFEF3D14AA76E90084FAB2 /* RAZRED1.png */; };
		1ACFEF8A14AA76E90084FAB2 /* RAZRED1@2x.png in Resources */ = {isa = PBXBuildFile; fileRef = 1ACFEF3E14AA76E90084FAB2 /* RAZRED1@2x.png */; };
		1ACFEF8B14AA76E90084FAB2 /* RAZRED2.png in Resources */ = {isa = PBXBuildFile; fileRef = 1ACFEF3F14AA76E90084FAB2 /* RAZRED2.png */; };
		1ACFEF8C14AA76E90084FAB2 /* RAZRED2@2x.png in Resources */ = {isa = PBXBuildFile; fileRef = 1ACFEF4014AA76E90084FAB2 /* RAZRED2@2x.png */; };
		1ACFEF8D14AA76E90084FAB2 /* RESTORAN.png in Resources */ = {isa = PBXBuildFile; fileRef = 1ACFEF4114AA76E90084FAB2 /* RESTORAN.png */; };
		1ACFEF8E14AA76E90084FAB2 /* RESTORAN@2x.png in Resources */ = {isa = PBXBuildFile; fileRef = 1ACFEF4214AA76E90084FAB2 /* RESTORAN@2x.png */; };
		1ACFEF8F14AA76E90084FAB2 /* REZERVACIJA.png in Resources */ = {isa = PBXBuildFile; fileRef = 1ACFEF4314AA76E90084FAB2 /* REZERVACIJA.png */; };
		1ACFEF9014AA76E90084FAB2 /* REZERVACIJA@2x.png in Resources */ = {isa = PBXBuildFile; fileRef = 1ACFEF4414AA76E90084FAB2 /* REZERVACIJA@2x.png */; };
		1ACFEF9114AA76E90084FAB2 /* bug.png in Resources */ = {isa = PBXBuildFile; fileRef = 1ACFEF4614AA76E90084FAB2 /* bug.png */; };
		1ACFEF9214AA76E90084FAB2 /* bug@2x.png in Resources */ = {isa = PBXBuildFile; fileRef = 1ACFEF4714AA76E90084FAB2 /* bug@2x.png */; };
		1ACFEF9314AA76E90084FAB2 /* happy.png in Resources */ = {isa = PBXBuildFile; fileRef = 1ACFEF4814AA76E90084FAB2 /* happy.png */; };
		1ACFEF9414AA76E90084FAB2 /* happy@2x.png in Resources */ = {isa = PBXBuildFile; fileRef = 1ACFEF4914AA76E90084FAB2 /* happy@2x.png */; };
		1ACFEF9514AA76E90084FAB2 /* heart.png in Resources */ = {isa = PBXBuildFile; fileRef = 1ACFEF4A14AA76E90084FAB2 /* heart.png */; };
		1ACFEF9614AA76E90084FAB2 /* heart@2x.png in Resources */ = {isa = PBXBuildFile; fileRef = 1ACFEF4B14AA76E90084FAB2 /* heart@2x.png */; };
		1ACFEF9714AA76E90084FAB2 /* info.png in Resources */ = {isa = PBXBuildFile; fileRef = 1ACFEF4C14AA76E90084FAB2 /* info.png */; };
		1ACFEF9814AA76E90084FAB2 /* info@2x.png in Resources */ = {isa = PBXBuildFile; fileRef = 1ACFEF4D14AA76E90084FAB2 /* info@2x.png */; };
		1ACFEF9914AA76E90084FAB2 /* sad.png in Resources */ = {isa = PBXBuildFile; fileRef = 1ACFEF4E14AA76E90084FAB2 /* sad.png */; };
		1ACFEF9A14AA76E90084FAB2 /* sad@2x.png in Resources */ = {isa = PBXBuildFile; fileRef = 1ACFEF4F14AA76E90084FAB2 /* sad@2x.png */; };
		1ACFEF9B14AA76E90084FAB2 /* star.png in Resources */ = {isa = PBXBuildFile; fileRef = 1ACFEF5014AA76E90084FAB2 /* star.png */; };
		1ACFEF9C14AA76E90084FAB2 /* star@2x.png in Resources */ = {isa = PBXBuildFile; fileRef = 1ACFEF5114AA76E90084FAB2 /* star@2x.png */; };
		1ACFEF9D14AA76E90084FAB2 /* starplus.png in Resources */ = {isa = PBXBuildFile; fileRef = 1ACFEF5214AA76E90084FAB2 /* starplus.png */; };
		1ACFEF9E14AA76E90084FAB2 /* starplus@2x.png in Resources */ = {isa = PBXBuildFile; fileRef = 1ACFEF5314AA76E90084FAB2 /* starplus@2x.png */; };
		1ACFEF9F14AA76E90084FAB2 /* switch.png in Resources */ = {isa = PBXBuildFile; fileRef = 1ACFEF5414AA76E90084FAB2 /* switch.png */; };
		1ACFEFA014AA76E90084FAB2 /* switch@2x.png in Resources */ = {isa = PBXBuildFile; fileRef = 1ACFEF5514AA76E90084FAB2 /* switch@2x.png */; };
		1ACFEFA114AA76E90084FAB2 /* expand.png in Resources */ = {isa = PBXBuildFile; fileRef = 1ACFEF5714AA76E90084FAB2 /* expand.png */; };
		1ACFEFA214AA76E90084FAB2 /* expand@2x.png in Resources */ = {isa = PBXBuildFile; fileRef = 1ACFEF5814AA76E90084FAB2 /* expand@2x.png */; };
		1ACFEFA314AA76E90084FAB2 /* in.png in Resources */ = {isa = PBXBuildFile; fileRef = 1ACFEF5914AA76E90084FAB2 /* in.png */; };
		1ACFEFA414AA76E90084FAB2 /* in190.png in Resources */ = {isa = PBXBuildFile; fileRef = 1ACFEF5A14AA76E90084FAB2 /* in190.png */; };
		1ACFEFA514AA76E90084FAB2 /* in220.png in Resources */ = {isa = PBXBuildFile; fileRef = 1ACFEF5B14AA76E90084FAB2 /* in220.png */; };
		1ACFEFA614AA76E90084FAB2 /* in@2x.png in Resources */ = {isa = PBXBuildFile; fileRef = 1ACFEF5C14AA76E90084FAB2 /* in@2x.png */; };
		1ACFEFA714AA76E90084FAB2 /* out.png in Resources */ = {isa = PBXBuildFile; fileRef = 1ACFEF5D14AA76E90084FAB2 /* out.png */; };
		1ACFEFA814AA76E90084FAB2 /* out190.png in Resources */ = {isa = PBXBuildFile; fileRef = 1ACFEF5E14AA76E90084FAB2 /* out190.png */; };
		1ACFEFA914AA76E90084FAB2 /* out220.png in Resources */ = {isa = PBXBuildFile; fileRef = 1ACFEF5F14AA76E90084FAB2 /* out220.png */; };
		1ACFEFAA14AA76E90084FAB2 /* out@2x.png in Resources */ = {isa = PBXBuildFile; fileRef = 1ACFEF6014AA76E90084FAB2 /* out@2x.png */; };
		1ACFEFAB14AA76E90084FAB2 /* shrink.png in Resources */ = {isa = PBXBuildFile; fileRef = 1ACFEF6114AA76E90084FAB2 /* shrink.png */; };
		1ACFEFAC14AA76E90084FAB2 /* shrink@2x.png in Resources */ = {isa = PBXBuildFile; fileRef = 1ACFEF6214AA76E90084FAB2 /* shrink@2x.png */; };
		1ACFEFAE14AA76E90084FAB2 /* ihznet.sqlite in Resources */ = {isa = PBXBuildFile; fileRef = 1ACFEF6414AA76E90084FAB2 /* ihznet.sqlite */; };
		1ACFEFAF14AA76E90084FAB2 /* DolazniView.xib in Resources */ = {isa = PBXBuildFile; fileRef = 1ACFEF6614AA76E90084FAB2 /* DolazniView.xib */; };
		1ACFEFB014AA76E90084FAB2 /* FavoritiView.xib in Resources */ = {isa = PBXBuildFile; fileRef = 1ACFEF6714AA76E90084FAB2 /* FavoritiView.xib */; };
		1ACFEFB114AA76E90084FAB2 /* FavoritTableViewCell.xib in Resources */ = {isa = PBXBuildFile; fileRef = 1ACFEF6814AA76E90084FAB2 /* FavoritTableViewCell.xib */; };
		1ACFEFB214AA76E90084FAB2 /* InfoViewController.xib in Resources */ = {isa = PBXBuildFile; fileRef = 1ACFEF6914AA76E90084FAB2 /* InfoViewController.xib */; };
		1ACFEFB314AA76E90084FAB2 /* LinijaTableViewCell.xib in Resources */ = {isa = PBXBuildFile; fileRef = 1ACFEF6A14AA76E90084FAB2 /* LinijaTableViewCell.xib */; };
		1ACFEFB414AA76E90084FAB2 /* MainViewController.xib in Resources */ = {isa = PBXBuildFile; fileRef = 1ACFEF6B14AA76E90084FAB2 /* MainViewController.xib */; };
		1ACFEFB514AA76E90084FAB2 /* MainWindow.xib in Resources */ = {isa = PBXBuildFile; fileRef = 1ACFEF6C14AA76E90084FAB2 /* MainWindow.xib */; };
		1ACFEFB614AA76E90084FAB2 /* OdlazniView.xib in Resources */ = {isa = PBXBuildFile; fileRef = 1ACFEF6D14AA76E90084FAB2 /* OdlazniView.xib */; };
		1ACFEFB714AA76E90084FAB2 /* PutovanjeTableViewCell.xib in Resources */ = {isa = PBXBuildFile; fileRef = 1ACFEF6E14AA76E90084FAB2 /* PutovanjeTableViewCell.xib */; };
		1ACFEFB814AA76E90084FAB2 /* RezultatiView.xib in Resources */ = {isa = PBXBuildFile; fileRef = 1ACFEF6F14AA76E90084FAB2 /* RezultatiView.xib */; };
		1ACFEFB914AA76E90084FAB2 /* RezultatViewController.xib in Resources */ = {isa = PBXBuildFile; fileRef = 1ACFEF7014AA76E90084FAB2 /* RezultatViewController.xib */; };
		1ACFEFBA14AA76E90084FAB2 /* VrijemeView.xib in Resources */ = {isa = PBXBuildFile; fileRef = 1ACFEF7114AA76E90084FAB2 /* VrijemeView.xib */; };
		1ACFEFBE14AA7AD50084FAB2 /* SystemConfiguration.framework in Frameworks */ = {isa = PBXBuildFile; fileRef = 1ACFEFBD14AA7AD50084FAB2 /* SystemConfiguration.framework */; };
		1ACFEFBF14AA7AFB0084FAB2 /* MessageUI.framework in Frameworks */ = {isa = PBXBuildFile; fileRef = 1AFC84FF13C642F20047A424 /* MessageUI.framework */; };
		1ACFEFC114AA90AA0084FAB2 /* StajalisteTableViewCell.xib in Resources */ = {isa = PBXBuildFile; fileRef = 1ACFEFC014AA90AA0084FAB2 /* StajalisteTableViewCell.xib */; };
		1ACFEFC314AA91420084FAB2 /* LinijaView.xib in Resources */ = {isa = PBXBuildFile; fileRef = 1ACFEFC214AA91420084FAB2 /* LinijaView.xib */; };
		1ACFEFC614AA91940084FAB2 /* LinijaViewController.m in Sources */ = {isa = PBXBuildFile; fileRef = 1ACFEFC514AA91940084FAB2 /* LinijaViewController.m */; };
		1ACFEFC914AA91DE0084FAB2 /* Stajaliste.m in Sources */ = {isa = PBXBuildFile; fileRef = 1ACFEFC814AA91DE0084FAB2 /* Stajaliste.m */; };
		1AECBDAE1610FB0A00002DA2 /* Default-568h@2x.png in Resources */ = {isa = PBXBuildFile; fileRef = 1AECBDAD1610FB0A00002DA2 /* Default-568h@2x.png */; };
		1AFC84F213C642170047A424 /* AVFoundation.framework in Frameworks */ = {isa = PBXBuildFile; fileRef = 1AFC84F113C642170047A424 /* AVFoundation.framework */; };
		1AFC84F613C6422C0047A424 /* libsqlite3.dylib in Frameworks */ = {isa = PBXBuildFile; fileRef = 1AFC84F513C6422C0047A424 /* libsqlite3.dylib */; };
		1AFC84F813C6425D0047A424 /* libz.dylib in Frameworks */ = {isa = PBXBuildFile; fileRef = 1AFC84F713C6425D0047A424 /* libz.dylib */; };
		1D3623260D0F684500981E51 /* iHZNetAppDelegate.m in Sources */ = {isa = PBXBuildFile; fileRef = 1D3623250D0F684500981E51 /* iHZNetAppDelegate.m */; };
		1D60589B0D05DD56006BFB54 /* main.m in Sources */ = {isa = PBXBuildFile; fileRef = 29B97316FDCFA39411CA2CEA /* main.m */; };
		1D60589F0D05DD5A006BFB54 /* Foundation.framework in Frameworks */ = {isa = PBXBuildFile; fileRef = 1D30AB110D05D00D00671497 /* Foundation.framework */; };
		1DF5F4E00D08C38300B7A737 /* UIKit.framework in Frameworks */ = {isa = PBXBuildFile; fileRef = 1DF5F4DF0D08C38300B7A737 /* UIKit.framework */; };
		288765FD0DF74451002DB57D /* CoreGraphics.framework in Frameworks */ = {isa = PBXBuildFile; fileRef = 288765FC0DF74451002DB57D /* CoreGraphics.framework */; };
/* End PBXBuildFile section */

/* Begin PBXFileReference section */
		1A01186313F45CCF000372F3 /* Kolodvor.h */ = {isa = PBXFileReference; fileEncoding = 4; lastKnownFileType = sourcecode.c.h; path = Kolodvor.h; sourceTree = "<group>"; };
		1A01186413F45CCF000372F3 /* Kolodvor.m */ = {isa = PBXFileReference; fileEncoding = 4; lastKnownFileType = sourcecode.c.objc; path = Kolodvor.m; sourceTree = "<group>"; };
		1A1069BB13C25FA80084C199 /* Raspored.h */ = {isa = PBXFileReference; fileEncoding = 4; lastKnownFileType = sourcecode.c.h; path = Raspored.h; sourceTree = "<group>"; };
		1A1069BC13C25FA80084C199 /* Raspored.m */ = {isa = PBXFileReference; fileEncoding = 4; lastKnownFileType = sourcecode.c.objc; path = Raspored.m; sourceTree = "<group>"; };
		1A1069BE13C25FBC0084C199 /* Putovanje.h */ = {isa = PBXFileReference; fileEncoding = 4; lastKnownFileType = sourcecode.c.h; path = Putovanje.h; sourceTree = "<group>"; };
		1A1069BF13C25FBC0084C199 /* Putovanje.m */ = {isa = PBXFileReference; fileEncoding = 4; lastKnownFileType = sourcecode.c.objc; path = Putovanje.m; sourceTree = "<group>"; };
		1A179D6213CF5BC3005AADA2 /* MainViewController.h */ = {isa = PBXFileReference; fileEncoding = 4; lastKnownFileType = sourcecode.c.h; path = MainViewController.h; sourceTree = "<group>"; };
		1A179D6313CF5BC3005AADA2 /* MainViewController.m */ = {isa = PBXFileReference; fileEncoding = 4; lastKnownFileType = sourcecode.c.objc; path = MainViewController.m; sourceTree = "<group>"; };
		1A1DC95C14ABCC70005C23B6 /* cellback.png */ = {isa = PBXFileReference; lastKnownFileType = image.png; path = cellback.png; sourceTree = "<group>"; };
		1A1DC95D14ABCC70005C23B6 /* cellback@2x.png */ = {isa = PBXFileReference; lastKnownFileType = image.png; path = "cellback@2x.png"; sourceTree = "<group>"; };
		1A20365014AD1DAF008B1DBD /* iHZNet-Info.plist */ = {isa = PBXFileReference; lastKnownFileType = text.plist.xml; path = "iHZNet-Info.plist"; sourceTree = "<group>"; };
		1A24E8F51402D35100F4FE67 /* FavoritiViewController.h */ = {isa = PBXFileReference; fileEncoding = 4; lastKnownFileType = sourcecode.c.h; path = FavoritiViewController.h; sourceTree = "<group>"; };
		1A24E8F61402D35100F4FE67 /* FavoritiViewController.m */ = {isa = PBXFileReference; fileEncoding = 4; lastKnownFileType = sourcecode.c.objc; path = FavoritiViewController.m; sourceTree = "<group>"; };
		1A49E3B4142284B3008DDBDE /* InfoViewController.h */ = {isa = PBXFileReference; fileEncoding = 4; lastKnownFileType = sourcecode.c.h; path = InfoViewController.h; sourceTree = "<group>"; };
		1A49E3B5142284B3008DDBDE /* InfoViewController.m */ = {isa = PBXFileReference; fileEncoding = 4; lastKnownFileType = sourcecode.c.objc; path = InfoViewController.m; sourceTree = "<group>"; };
		1A732FC0132ED2F80076C736 /* HZiface.h */ = {isa = PBXFileReference; fileEncoding = 4; lastKnownFileType = sourcecode.c.h; path = HZiface.h; sourceTree = "<group>"; };
		1A732FC1132ED2F80076C736 /* HZiface.m */ = {isa = PBXFileReference; fileEncoding = 4; lastKnownFileType = sourcecode.c.objc; path = HZiface.m; sourceTree = "<group>"; };
		1A77FBDE134A530B00E52C04 /* QuartzCore.framework */ = {isa = PBXFileReference; lastKnownFileType = wrapper.framework; name = QuartzCore.framework; path = System/Library/Frameworks/QuartzCore.framework; sourceTree = SDKROOT; };
		1A7A6A77133F956F00BB4F4D /* RezultatiParser.h */ = {isa = PBXFileReference; fileEncoding = 4; lastKnownFileType = sourcecode.c.h; path = RezultatiParser.h; sourceTree = "<group>"; };
		1A7A6A78133F956F00BB4F4D /* RezultatiParser.m */ = {isa = PBXFileReference; fileEncoding = 4; lastKnownFileType = sourcecode.c.objc; path = RezultatiParser.m; sourceTree = "<group>"; };
		1A7B7652133DE8CB00016AE3 /* KolodvorViewController.h */ = {isa = PBXFileReference; fileEncoding = 4; lastKnownFileType = sourcecode.c.h; path = KolodvorViewController.h; sourceTree = "<group>"; };
		1A7B7653133DE8CB00016AE3 /* KolodvorViewController.m */ = {isa = PBXFileReference; fileEncoding = 4; lastKnownFileType = sourcecode.c.objc; path = KolodvorViewController.m; sourceTree = "<group>"; };
		1A7C524913FBA80A0012C113 /* Appirater.h */ = {isa = PBXFileReference; fileEncoding = 4; lastKnownFileType = sourcecode.c.h; path = Appirater.h; sourceTree = "<group>"; };
		1A7C524A13FBA80A0012C113 /* Appirater.m */ = {isa = PBXFileReference; fileEncoding = 4; lastKnownFileType = sourcecode.c.objc; path = Appirater.m; sourceTree = "<group>"; };
		1A7DF49D135CB09B00D0F8C6 /* iHZNet.app */ = {isa = PBXFileReference; explicitFileType = wrapper.application; includeInIndex = 0; path = iHZNet.app; sourceTree = BUILT_PRODUCTS_DIR; };
		1A80BF371368B23500BD80B3 /* Linija.h */ = {isa = PBXFileReference; fileEncoding = 4; lastKnownFileType = sourcecode.c.h; path = Linija.h; sourceTree = "<group>"; };
		1A80BF381368B23500BD80B3 /* Linija.m */ = {isa = PBXFileReference; fileEncoding = 4; lastKnownFileType = sourcecode.c.objc; path = Linija.m; sourceTree = "<group>"; };
		1A817E891323B6120046027B /* OdlazniViewController.h */ = {isa = PBXFileReference; fileEncoding = 4; lastKnownFileType = sourcecode.c.h; path = OdlazniViewController.h; sourceTree = "<group>"; };
		1A817E8A1323B6120046027B /* OdlazniViewController.m */ = {isa = PBXFileReference; fileEncoding = 4; lastKnownFileType = sourcecode.c.objc; path = OdlazniViewController.m; sourceTree = "<group>"; };
		1A817E8C1323B61F0046027B /* DolazniViewController.h */ = {isa = PBXFileReference; fileEncoding = 4; lastKnownFileType = sourcecode.c.h; path = DolazniViewController.h; sourceTree = "<group>"; };
		1A817E8D1323B61F0046027B /* DolazniViewController.m */ = {isa = PBXFileReference; fileEncoding = 4; lastKnownFileType = sourcecode.c.objc; path = DolazniViewController.m; sourceTree = "<group>"; };
		1A817E8F1323B62D0046027B /* VrijemeViewController.h */ = {isa = PBXFileReference; fileEncoding = 4; lastKnownFileType = sourcecode.c.h; path = VrijemeViewController.h; sourceTree = "<group>"; };
		1A817E901323B62D0046027B /* VrijemeViewController.m */ = {isa = PBXFileReference; fileEncoding = 4; lastKnownFileType = sourcecode.c.objc; path = VrijemeViewController.m; sourceTree = "<group>"; };
		1A817E921323B6500046027B /* RezultatiViewController.h */ = {isa = PBXFileReference; fileEncoding = 4; lastKnownFileType = sourcecode.c.h; path = RezultatiViewController.h; sourceTree = "<group>"; };
		1A817E931323B6500046027B /* RezultatiViewController.m */ = {isa = PBXFileReference; fileEncoding = 4; lastKnownFileType = sourcecode.c.objc; path = RezultatiViewController.m; sourceTree = "<group>"; };
		1A9DEE731356453700B04003 /* Indicators.h */ = {isa = PBXFileReference; fileEncoding = 4; lastKnownFileType = sourcecode.c.h; path = Indicators.h; sourceTree = "<group>"; };
		1A9DEE741356453700B04003 /* Indicators.m */ = {isa = PBXFileReference; fileEncoding = 4; lastKnownFileType = sourcecode.c.objc; path = Indicators.m; sourceTree = "<group>"; };
		1AA02B3F14AF89190001467E /* Prolaziste.h */ = {isa = PBXFileReference; fileEncoding = 4; lastKnownFileType = sourcecode.c.h; path = Prolaziste.h; sourceTree = "<group>"; };
		1AA02B4014AF89190001467E /* Prolaziste.m */ = {isa = PBXFileReference; fileEncoding = 4; lastKnownFileType = sourcecode.c.objc; path = Prolaziste.m; sourceTree = "<group>"; };
		1AA02B4214AF8A4C0001467E /* LiveInfo.h */ = {isa = PBXFileReference; fileEncoding = 4; lastKnownFileType = sourcecode.c.h; path = LiveInfo.h; sourceTree = "<group>"; };
		1AA02B4314AF8A4C0001467E /* LiveInfo.m */ = {isa = PBXFileReference; fileEncoding = 4; lastKnownFileType = sourcecode.c.objc; path = LiveInfo.m; sourceTree = "<group>"; };
		1AA02B4714AF8AF10001467E /* ProlazisteTableViewCell.xib */ = {isa = PBXFileReference; fileEncoding = 4; lastKnownFileType = file.xib; path = ProlazisteTableViewCell.xib; sourceTree = "<group>"; };
		1AA02B4914AF8BF10001467E /* LiveInfoView.xib */ = {isa = PBXFileReference; fileEncoding = 4; lastKnownFileType = file.xib; path = LiveInfoView.xib; sourceTree = "<group>"; };
		1AA02B4B14AF8D360001467E /* LiveInfoViewController.h */ = {isa = PBXFileReference; fileEncoding = 4; lastKnownFileType = sourcecode.c.h; path = LiveInfoViewController.h; sourceTree = "<group>"; };
		1AA02B4C14AF8D360001467E /* LiveInfoViewController.m */ = {isa = PBXFileReference; fileEncoding = 4; lastKnownFileType = sourcecode.c.objc; path = LiveInfoViewController.m; sourceTree = "<group>"; };
		1AAE717F1406E663001A2CA1 /* DataModel.xcdatamodel */ = {isa = PBXFileReference; lastKnownFileType = wrapper.xcdatamodel; path = DataModel.xcdatamodel; sourceTree = "<group>"; };
		1AAE71811406E68D001A2CA1 /* CoreData.framework */ = {isa = PBXFileReference; lastKnownFileType = wrapper.framework; name = CoreData.framework; path = System/Library/Frameworks/CoreData.framework; sourceTree = SDKROOT; };
		1AAE71861406F985001A2CA1 /* Favorit.h */ = {isa = PBXFileReference; fileEncoding = 4; lastKnownFileType = sourcecode.c.h; path = Favorit.h; sourceTree = "<group>"; };
		1AAE71871406F985001A2CA1 /* Favorit.m */ = {isa = PBXFileReference; fileEncoding = 4; lastKnownFileType = sourcecode.c.objc; path = Favorit.m; sourceTree = "<group>"; };
		1ACFEF2214AA76E90084FAB2 /* background.png */ = {isa = PBXFileReference; lastKnownFileType = image.png; path = background.png; sourceTree = "<group>"; };
		1ACFEF2314AA76E90084FAB2 /* background@2x.png */ = {isa = PBXFileReference; lastKnownFileType = image.png; path = "background@2x.png"; sourceTree = "<group>"; };
		1ACFEF2414AA76E90084FAB2 /* Default.png */ = {isa = PBXFileReference; lastKnownFileType = image.png; path = Default.png; sourceTree = "<group>"; };
		1ACFEF2514AA76E90084FAB2 /* Default@2x.png */ = {isa = PBXFileReference; lastKnownFileType = image.png; path = "Default@2x.png"; sourceTree = "<group>"; };
		1ACFEF2714AA76E90084FAB2 /* blueButton.png */ = {isa = PBXFileReference; lastKnownFileType = image.png; path = blueButton.png; sourceTree = "<group>"; };
		1ACFEF2814AA76E90084FAB2 /* darkgreenButton.png */ = {isa = PBXFileReference; lastKnownFileType = image.png; path = darkgreenButton.png; sourceTree = "<group>"; };
		1ACFEF2914AA76E90084FAB2 /* darkgreenButton@2x.png */ = {isa = PBXFileReference; lastKnownFileType = image.png; path = "darkgreenButton@2x.png"; sourceTree = "<group>"; };
		1ACFEF2A14AA76E90084FAB2 /* greenButton.png */ = {isa = PBXFileReference; lastKnownFileType = image.png; path = greenButton.png; sourceTree = "<group>"; };
		1ACFEF2B14AA76E90084FAB2 /* greenButton@2x.png */ = {isa = PBXFileReference; lastKnownFileType = image.png; path = "greenButton@2x.png"; sourceTree = "<group>"; };
		1ACFEF2C14AA76E90084FAB2 /* redButton.png */ = {isa = PBXFileReference; lastKnownFileType = image.png; path = redButton.png; sourceTree = "<group>"; };
		1ACFEF2D14AA76E90084FAB2 /* redButton@2x.png */ = {isa = PBXFileReference; lastKnownFileType = image.png; path = "redButton@2x.png"; sourceTree = "<group>"; };
		1ACFEF2E14AA76E90084FAB2 /* whiteButton.png */ = {isa = PBXFileReference; lastKnownFileType = image.png; path = whiteButton.png; sourceTree = "<group>"; };
		1ACFEF3014AA76E90084FAB2 /* iHZNet114.png */ = {isa = PBXFileReference; lastKnownFileType = image.png; path = iHZNet114.png; sourceTree = "<group>"; };
		1ACFEF3114AA76E90084FAB2 /* iHZNet512.png */ = {isa = PBXFileReference; lastKnownFileType = image.png; path = iHZNet512.png; sourceTree = "<group>"; };
		1ACFEF3214AA76E90084FAB2 /* iHZNet57.png */ = {isa = PBXFileReference; lastKnownFileType = image.png; path = iHZNet57.png; sourceTree = "<group>"; };
		1ACFEF3514AA76E90084FAB2 /* AUTOMOBIL.png */ = {isa = PBXFileReference; lastKnownFileType = image.png; path = AUTOMOBIL.png; sourceTree = "<group>"; };
		1ACFEF3614AA76E90084FAB2 /* AUTOMOBIL@2x.png */ = {isa = PBXFileReference; lastKnownFileType = image.png; path = "AUTOMOBIL@2x.png"; sourceTree = "<group>"; };
		1ACFEF3714AA76E90084FAB2 /* BICIKL.png */ = {isa = PBXFileReference; lastKnownFileType = image.png; path = BICIKL.png; sourceTree = "<group>"; };
		1ACFEF3814AA76E90084FAB2 /* BICIKL@2x.png */ = {isa = PBXFileReference; lastKnownFileType = image.png; path = "BICIKL@2x.png"; sourceTree = "<group>"; };
		1ACFEF3914AA76E90084FAB2 /* BUFFET.png */ = {isa = PBXFileReference; lastKnownFileType = image.png; path = BUFFET.png; sourceTree = "<group>"; };
		1ACFEF3A14AA76E90084FAB2 /* BUFFET@2x.png */ = {isa = PBXFileReference; lastKnownFileType = image.png; path = "BUFFET@2x.png"; sourceTree = "<group>"; };
		1ACFEF3B14AA76E90084FAB2 /* KREVET.png */ = {isa = PBXFileReference; lastKnownFileType = image.png; path = KREVET.png; sourceTree = "<group>"; };
		1ACFEF3C14AA76E90084FAB2 /* KREVET@2x.png */ = {isa = PBXFileReference; lastKnownFileType = image.png; path = "KREVET@2x.png"; sourceTree = "<group>"; };
		1ACFEF3D14AA76E90084FAB2 /* RAZRED1.png */ = {isa = PBXFileReference; lastKnownFileType = image.png; path = RAZRED1.png; sourceTree = "<group>"; };
		1ACFEF3E14AA76E90084FAB2 /* RAZRED1@2x.png */ = {isa = PBXFileReference; lastKnownFileType = image.png; path = "RAZRED1@2x.png"; sourceTree = "<group>"; };
		1ACFEF3F14AA76E90084FAB2 /* RAZRED2.png */ = {isa = PBXFileReference; lastKnownFileType = image.png; path = RAZRED2.png; sourceTree = "<group>"; };
		1ACFEF4014AA76E90084FAB2 /* RAZRED2@2x.png */ = {isa = PBXFileReference; lastKnownFileType = image.png; path = "RAZRED2@2x.png"; sourceTree = "<group>"; };
		1ACFEF4114AA76E90084FAB2 /* RESTORAN.png */ = {isa = PBXFileReference; lastKnownFileType = image.png; path = RESTORAN.png; sourceTree = "<group>"; };
		1ACFEF4214AA76E90084FAB2 /* RESTORAN@2x.png */ = {isa = PBXFileReference; lastKnownFileType = image.png; path = "RESTORAN@2x.png"; sourceTree = "<group>"; };
		1ACFEF4314AA76E90084FAB2 /* REZERVACIJA.png */ = {isa = PBXFileReference; lastKnownFileType = image.png; path = REZERVACIJA.png; sourceTree = "<group>"; };
		1ACFEF4414AA76E90084FAB2 /* REZERVACIJA@2x.png */ = {isa = PBXFileReference; lastKnownFileType = image.png; path = "REZERVACIJA@2x.png"; sourceTree = "<group>"; };
		1ACFEF4614AA76E90084FAB2 /* bug.png */ = {isa = PBXFileReference; lastKnownFileType = image.png; path = bug.png; sourceTree = "<group>"; };
		1ACFEF4714AA76E90084FAB2 /* bug@2x.png */ = {isa = PBXFileReference; lastKnownFileType = image.png; path = "bug@2x.png"; sourceTree = "<group>"; };
		1ACFEF4814AA76E90084FAB2 /* happy.png */ = {isa = PBXFileReference; lastKnownFileType = image.png; path = happy.png; sourceTree = "<group>"; };
		1ACFEF4914AA76E90084FAB2 /* happy@2x.png */ = {isa = PBXFileReference; lastKnownFileType = image.png; path = "happy@2x.png"; sourceTree = "<group>"; };
		1ACFEF4A14AA76E90084FAB2 /* heart.png */ = {isa = PBXFileReference; lastKnownFileType = image.png; path = heart.png; sourceTree = "<group>"; };
		1ACFEF4B14AA76E90084FAB2 /* heart@2x.png */ = {isa = PBXFileReference; lastKnownFileType = image.png; path = "heart@2x.png"; sourceTree = "<group>"; };
		1ACFEF4C14AA76E90084FAB2 /* info.png */ = {isa = PBXFileReference; lastKnownFileType = image.png; path = info.png; sourceTree = "<group>"; };
		1ACFEF4D14AA76E90084FAB2 /* info@2x.png */ = {isa = PBXFileReference; lastKnownFileType = image.png; path = "info@2x.png"; sourceTree = "<group>"; };
		1ACFEF4E14AA76E90084FAB2 /* sad.png */ = {isa = PBXFileReference; lastKnownFileType = image.png; path = sad.png; sourceTree = "<group>"; };
		1ACFEF4F14AA76E90084FAB2 /* sad@2x.png */ = {isa = PBXFileReference; lastKnownFileType = image.png; path = "sad@2x.png"; sourceTree = "<group>"; };
		1ACFEF5014AA76E90084FAB2 /* star.png */ = {isa = PBXFileReference; lastKnownFileType = image.png; path = star.png; sourceTree = "<group>"; };
		1ACFEF5114AA76E90084FAB2 /* star@2x.png */ = {isa = PBXFileReference; lastKnownFileType = image.png; path = "star@2x.png"; sourceTree = "<group>"; };
		1ACFEF5214AA76E90084FAB2 /* starplus.png */ = {isa = PBXFileReference; lastKnownFileType = image.png; path = starplus.png; sourceTree = "<group>"; };
		1ACFEF5314AA76E90084FAB2 /* starplus@2x.png */ = {isa = PBXFileReference; lastKnownFileType = image.png; path = "starplus@2x.png"; sourceTree = "<group>"; };
		1ACFEF5414AA76E90084FAB2 /* switch.png */ = {isa = PBXFileReference; lastKnownFileType = image.png; path = switch.png; sourceTree = "<group>"; };
		1ACFEF5514AA76E90084FAB2 /* switch@2x.png */ = {isa = PBXFileReference; lastKnownFileType = image.png; path = "switch@2x.png"; sourceTree = "<group>"; };
		1ACFEF5714AA76E90084FAB2 /* expand.png */ = {isa = PBXFileReference; lastKnownFileType = image.png; path = expand.png; sourceTree = "<group>"; };
		1ACFEF5814AA76E90084FAB2 /* expand@2x.png */ = {isa = PBXFileReference; lastKnownFileType = image.png; path = "expand@2x.png"; sourceTree = "<group>"; };
		1ACFEF5914AA76E90084FAB2 /* in.png */ = {isa = PBXFileReference; lastKnownFileType = image.png; path = in.png; sourceTree = "<group>"; };
		1ACFEF5A14AA76E90084FAB2 /* in190.png */ = {isa = PBXFileReference; lastKnownFileType = image.png; path = in190.png; sourceTree = "<group>"; };
		1ACFEF5B14AA76E90084FAB2 /* in220.png */ = {isa = PBXFileReference; lastKnownFileType = image.png; path = in220.png; sourceTree = "<group>"; };
		1ACFEF5C14AA76E90084FAB2 /* in@2x.png */ = {isa = PBXFileReference; lastKnownFileType = image.png; path = "in@2x.png"; sourceTree = "<group>"; };
		1ACFEF5D14AA76E90084FAB2 /* out.png */ = {isa = PBXFileReference; lastKnownFileType = image.png; path = out.png; sourceTree = "<group>"; };
		1ACFEF5E14AA76E90084FAB2 /* out190.png */ = {isa = PBXFileReference; lastKnownFileType = image.png; path = out190.png; sourceTree = "<group>"; };
		1ACFEF5F14AA76E90084FAB2 /* out220.png */ = {isa = PBXFileReference; lastKnownFileType = image.png; path = out220.png; sourceTree = "<group>"; };
		1ACFEF6014AA76E90084FAB2 /* out@2x.png */ = {isa = PBXFileReference; lastKnownFileType = image.png; path = "out@2x.png"; sourceTree = "<group>"; };
		1ACFEF6114AA76E90084FAB2 /* shrink.png */ = {isa = PBXFileReference; lastKnownFileType = image.png; path = shrink.png; sourceTree = "<group>"; };
		1ACFEF6214AA76E90084FAB2 /* shrink@2x.png */ = {isa = PBXFileReference; lastKnownFileType = image.png; path = "shrink@2x.png"; sourceTree = "<group>"; };
		1ACFEF6414AA76E90084FAB2 /* ihznet.sqlite */ = {isa = PBXFileReference; fileEncoding = 4; lastKnownFileType = text; path = ihznet.sqlite; sourceTree = "<group>"; };
		1ACFEF6614AA76E90084FAB2 /* DolazniView.xib */ = {isa = PBXFileReference; fileEncoding = 4; lastKnownFileType = file.xib; path = DolazniView.xib; sourceTree = "<group>"; };
		1ACFEF6714AA76E90084FAB2 /* FavoritiView.xib */ = {isa = PBXFileReference; fileEncoding = 4; lastKnownFileType = file.xib; path = FavoritiView.xib; sourceTree = "<group>"; };
		1ACFEF6814AA76E90084FAB2 /* FavoritTableViewCell.xib */ = {isa = PBXFileReference; fileEncoding = 4; lastKnownFileType = file.xib; path = FavoritTableViewCell.xib; sourceTree = "<group>"; };
		1ACFEF6914AA76E90084FAB2 /* InfoViewController.xib */ = {isa = PBXFileReference; fileEncoding = 4; lastKnownFileType = file.xib; path = InfoViewController.xib; sourceTree = "<group>"; };
		1ACFEF6A14AA76E90084FAB2 /* LinijaTableViewCell.xib */ = {isa = PBXFileReference; fileEncoding = 4; lastKnownFileType = file.xib; path = LinijaTableViewCell.xib; sourceTree = "<group>"; };
		1ACFEF6B14AA76E90084FAB2 /* MainViewController.xib */ = {isa = PBXFileReference; fileEncoding = 4; lastKnownFileType = file.xib; path = MainViewController.xib; sourceTree = "<group>"; };
		1ACFEF6C14AA76E90084FAB2 /* MainWindow.xib */ = {isa = PBXFileReference; fileEncoding = 4; lastKnownFileType = file.xib; path = MainWindow.xib; sourceTree = "<group>"; };
		1ACFEF6D14AA76E90084FAB2 /* OdlazniView.xib */ = {isa = PBXFileReference; fileEncoding = 4; lastKnownFileType = file.xib; path = OdlazniView.xib; sourceTree = "<group>"; };
		1ACFEF6E14AA76E90084FAB2 /* PutovanjeTableViewCell.xib */ = {isa = PBXFileReference; fileEncoding = 4; lastKnownFileType = file.xib; path = PutovanjeTableViewCell.xib; sourceTree = "<group>"; };
		1ACFEF6F14AA76E90084FAB2 /* RezultatiView.xib */ = {isa = PBXFileReference; fileEncoding = 4; lastKnownFileType = file.xib; path = RezultatiView.xib; sourceTree = "<group>"; };
		1ACFEF7014AA76E90084FAB2 /* RezultatViewController.xib */ = {isa = PBXFileReference; fileEncoding = 4; lastKnownFileType = file.xib; path = RezultatViewController.xib; sourceTree = "<group>"; };
		1ACFEF7114AA76E90084FAB2 /* VrijemeView.xib */ = {isa = PBXFileReference; fileEncoding = 4; lastKnownFileType = file.xib; path = VrijemeView.xib; sourceTree = "<group>"; };
		1ACFEFBD14AA7AD50084FAB2 /* SystemConfiguration.framework */ = {isa = PBXFileReference; lastKnownFileType = wrapper.framework; name = SystemConfiguration.framework; path = System/Library/Frameworks/SystemConfiguration.framework; sourceTree = SDKROOT; };
		1ACFEFC014AA90AA0084FAB2 /* StajalisteTableViewCell.xib */ = {isa = PBXFileReference; fileEncoding = 4; lastKnownFileType = file.xib; path = StajalisteTableViewCell.xib; sourceTree = "<group>"; };
		1ACFEFC214AA91420084FAB2 /* LinijaView.xib */ = {isa = PBXFileReference; fileEncoding = 4; lastKnownFileType = file.xib; path = LinijaView.xib; sourceTree = "<group>"; };
		1ACFEFC414AA91940084FAB2 /* LinijaViewController.h */ = {isa = PBXFileReference; fileEncoding = 4; lastKnownFileType = sourcecode.c.h; path = LinijaViewController.h; sourceTree = "<group>"; };
		1ACFEFC514AA91940084FAB2 /* LinijaViewController.m */ = {isa = PBXFileReference; fileEncoding = 4; lastKnownFileType = sourcecode.c.objc; path = LinijaViewController.m; sourceTree = "<group>"; };
		1ACFEFC714AA91DE0084FAB2 /* Stajaliste.h */ = {isa = PBXFileReference; fileEncoding = 4; lastKnownFileType = sourcecode.c.h; path = Stajaliste.h; sourceTree = "<group>"; };
		1ACFEFC814AA91DE0084FAB2 /* Stajaliste.m */ = {isa = PBXFileReference; fileEncoding = 4; lastKnownFileType = sourcecode.c.objc; path = Stajaliste.m; sourceTree = "<group>"; };
		1AECBDAD1610FB0A00002DA2 /* Default-568h@2x.png */ = {isa = PBXFileReference; lastKnownFileType = image.png; path = "Default-568h@2x.png"; sourceTree = "<group>"; };
		1AFC84F113C642170047A424 /* AVFoundation.framework */ = {isa = PBXFileReference; lastKnownFileType = wrapper.framework; name = AVFoundation.framework; path = System/Library/Frameworks/AVFoundation.framework; sourceTree = SDKROOT; };
		1AFC84F513C6422C0047A424 /* libsqlite3.dylib */ = {isa = PBXFileReference; lastKnownFileType = "compiled.mach-o.dylib"; name = libsqlite3.dylib; path = usr/lib/libsqlite3.dylib; sourceTree = SDKROOT; };
		1AFC84F713C6425D0047A424 /* libz.dylib */ = {isa = PBXFileReference; lastKnownFileType = "compiled.mach-o.dylib"; name = libz.dylib; path = usr/lib/libz.dylib; sourceTree = SDKROOT; };
		1AFC84FF13C642F20047A424 /* MessageUI.framework */ = {isa = PBXFileReference; lastKnownFileType = wrapper.framework; name = MessageUI.framework; path = System/Library/Frameworks/MessageUI.framework; sourceTree = SDKROOT; };
		1D30AB110D05D00D00671497 /* Foundation.framework */ = {isa = PBXFileReference; lastKnownFileType = wrapper.framework; name = Foundation.framework; path = System/Library/Frameworks/Foundation.framework; sourceTree = SDKROOT; };
		1D3623240D0F684500981E51 /* iHZNetAppDelegate.h */ = {isa = PBXFileReference; fileEncoding = 4; lastKnownFileType = sourcecode.c.h; path = iHZNetAppDelegate.h; sourceTree = "<group>"; };
		1D3623250D0F684500981E51 /* iHZNetAppDelegate.m */ = {isa = PBXFileReference; fileEncoding = 4; lastKnownFileType = sourcecode.c.objc; path = iHZNetAppDelegate.m; sourceTree = "<group>"; };
		1DF5F4DF0D08C38300B7A737 /* UIKit.framework */ = {isa = PBXFileReference; lastKnownFileType = wrapper.framework; name = UIKit.framework; path = System/Library/Frameworks/UIKit.framework; sourceTree = SDKROOT; };
		288765FC0DF74451002DB57D /* CoreGraphics.framework */ = {isa = PBXFileReference; lastKnownFileType = wrapper.framework; name = CoreGraphics.framework; path = System/Library/Frameworks/CoreGraphics.framework; sourceTree = SDKROOT; };
		29B97316FDCFA39411CA2CEA /* main.m */ = {isa = PBXFileReference; fileEncoding = 4; lastKnownFileType = sourcecode.c.objc; path = main.m; sourceTree = "<group>"; };
		32CA4F630368D1EE00C91783 /* iHZNet_Prefix.pch */ = {isa = PBXFileReference; fileEncoding = 4; lastKnownFileType = sourcecode.c.h; path = iHZNet_Prefix.pch; sourceTree = "<group>"; };
/* End PBXFileReference section */

/* Begin PBXFrameworksBuildPhase section */
		1D60588F0D05DD3D006BFB54 /* Frameworks */ = {
			isa = PBXFrameworksBuildPhase;
			buildActionMask = 2147483647;
			files = (
				1ACFEFBF14AA7AFB0084FAB2 /* MessageUI.framework in Frameworks */,
				1ACFEFBE14AA7AD50084FAB2 /* SystemConfiguration.framework in Frameworks */,
				1AAE71821406E68D001A2CA1 /* CoreData.framework in Frameworks */,
				1AFC84F613C6422C0047A424 /* libsqlite3.dylib in Frameworks */,
				1AFC84F813C6425D0047A424 /* libz.dylib in Frameworks */,
				1AFC84F213C642170047A424 /* AVFoundation.framework in Frameworks */,
				1D60589F0D05DD5A006BFB54 /* Foundation.framework in Frameworks */,
				1DF5F4E00D08C38300B7A737 /* UIKit.framework in Frameworks */,
				288765FD0DF74451002DB57D /* CoreGraphics.framework in Frameworks */,
				1A77FBDF134A530B00E52C04 /* QuartzCore.framework in Frameworks */,
			);
			runOnlyForDeploymentPostprocessing = 0;
		};
/* End PBXFrameworksBuildPhase section */

/* Begin PBXGroup section */
		080E96DDFE201D6D7F000001 /* Classes */ = {
			isa = PBXGroup;
			children = (
				1D3623250D0F684500981E51 /* iHZNetAppDelegate.m */,
				1D3623240D0F684500981E51 /* iHZNetAppDelegate.h */,
				1A7C524813FBA80A0012C113 /* Appirater */,
				1A179D6813CFAA7C005AADA2 /* Controller */,
				1A179D6713CFAA34005AADA2 /* Model */,
				1A179D6913CFAABD005AADA2 /* Service */,
			);
			path = Classes;
			sourceTree = "<group>";
		};
		19C28FACFE9D520D11CA2CBB /* Products */ = {
			isa = PBXGroup;
			children = (
				1A7DF49D135CB09B00D0F8C6 /* iHZNet.app */,
			);
			name = Products;
			sourceTree = "<group>";
		};
		1A179D6713CFAA34005AADA2 /* Model */ = {
			isa = PBXGroup;
			children = (
				1A1069BC13C25FA80084C199 /* Raspored.m */,
				1A1069BB13C25FA80084C199 /* Raspored.h */,
				1A1069BE13C25FBC0084C199 /* Putovanje.h */,
				1A1069BF13C25FBC0084C199 /* Putovanje.m */,
				1A80BF381368B23500BD80B3 /* Linija.m */,
				1A80BF371368B23500BD80B3 /* Linija.h */,
				1A01186313F45CCF000372F3 /* Kolodvor.h */,
				1A01186413F45CCF000372F3 /* Kolodvor.m */,
				1AAE717E1406E663001A2CA1 /* DataModel.xcdatamodeld */,
				1AAE71861406F985001A2CA1 /* Favorit.h */,
				1AAE71871406F985001A2CA1 /* Favorit.m */,
				1ACFEFC714AA91DE0084FAB2 /* Stajaliste.h */,
				1ACFEFC814AA91DE0084FAB2 /* Stajaliste.m */,
				1AA02B3F14AF89190001467E /* Prolaziste.h */,
				1AA02B4014AF89190001467E /* Prolaziste.m */,
				1AA02B4214AF8A4C0001467E /* LiveInfo.h */,
				1AA02B4314AF8A4C0001467E /* LiveInfo.m */,
			);
			name = Model;
			sourceTree = "<group>";
		};
		1A179D6813CFAA7C005AADA2 /* Controller */ = {
			isa = PBXGroup;
			children = (
				1A179D6213CF5BC3005AADA2 /* MainViewController.h */,
				1A179D6313CF5BC3005AADA2 /* MainViewController.m */,
				1A7B7652133DE8CB00016AE3 /* KolodvorViewController.h */,
				1A7B7653133DE8CB00016AE3 /* KolodvorViewController.m */,
				1A817E891323B6120046027B /* OdlazniViewController.h */,
				1A817E8A1323B6120046027B /* OdlazniViewController.m */,
				1A817E8C1323B61F0046027B /* DolazniViewController.h */,
				1A817E8D1323B61F0046027B /* DolazniViewController.m */,
				1A817E8F1323B62D0046027B /* VrijemeViewController.h */,
				1A817E901323B62D0046027B /* VrijemeViewController.m */,
				1A817E921323B6500046027B /* RezultatiViewController.h */,
				1A817E931323B6500046027B /* RezultatiViewController.m */,
				1A24E8F51402D35100F4FE67 /* FavoritiViewController.h */,
				1A24E8F61402D35100F4FE67 /* FavoritiViewController.m */,
				1A49E3B4142284B3008DDBDE /* InfoViewController.h */,
				1A49E3B5142284B3008DDBDE /* InfoViewController.m */,
				1ACFEFC414AA91940084FAB2 /* LinijaViewController.h */,
				1ACFEFC514AA91940084FAB2 /* LinijaViewController.m */,
				1AA02B4B14AF8D360001467E /* LiveInfoViewController.h */,
				1AA02B4C14AF8D360001467E /* LiveInfoViewController.m */,
			);
			name = Controller;
			sourceTree = "<group>";
		};
		1A179D6913CFAABD005AADA2 /* Service */ = {
			isa = PBXGroup;
			children = (
				1A732FC0132ED2F80076C736 /* HZiface.h */,
				1A732FC1132ED2F80076C736 /* HZiface.m */,
				1A7A6A77133F956F00BB4F4D /* RezultatiParser.h */,
				1A7A6A78133F956F00BB4F4D /* RezultatiParser.m */,
				1A9DEE731356453700B04003 /* Indicators.h */,
				1A9DEE741356453700B04003 /* Indicators.m */,
			);
			name = Service;
			sourceTree = "<group>";
		};
		1A7C524813FBA80A0012C113 /* Appirater */ = {
			isa = PBXGroup;
			children = (
				1A7C524913FBA80A0012C113 /* Appirater.h */,
				1A7C524A13FBA80A0012C113 /* Appirater.m */,
			);
			path = Appirater;
			sourceTree = "<group>";
		};
		1ACFEF1F14AA76E90084FAB2 /* Resources */ = {
			isa = PBXGroup;
			children = (
				1ACFEF2014AA76E90084FAB2 /* Artwork */,
				1ACFEF6414AA76E90084FAB2 /* ihznet.sqlite */,
				1ACFEF6514AA76E90084FAB2 /* XIB */,
			);
			path = Resources;
			sourceTree = "<group>";
		};
		1ACFEF2014AA76E90084FAB2 /* Artwork */ = {
			isa = PBXGroup;
			children = (
				1ACFEF2114AA76E90084FAB2 /* Backgrounds */,
				1ACFEF2614AA76E90084FAB2 /* Buttons */,
				1ACFEF2F14AA76E90084FAB2 /* Icons */,
				1ACFEF3414AA76E90084FAB2 /* Oznake */,
				1ACFEF4514AA76E90084FAB2 /* ToolbarIcons */,
				1ACFEF5614AA76E90084FAB2 /* XIB Images */,
			);
			path = Artwork;
			sourceTree = "<group>";
		};
		1ACFEF2114AA76E90084FAB2 /* Backgrounds */ = {
			isa = PBXGroup;
			children = (
				1AECBDAD1610FB0A00002DA2 /* Default-568h@2x.png */,
				1ACFEF2214AA76E90084FAB2 /* background.png */,
				1ACFEF2314AA76E90084FAB2 /* background@2x.png */,
				1ACFEF2414AA76E90084FAB2 /* Default.png */,
				1ACFEF2514AA76E90084FAB2 /* Default@2x.png */,
			);
			path = Backgrounds;
			sourceTree = "<group>";
		};
		1ACFEF2614AA76E90084FAB2 /* Buttons */ = {
			isa = PBXGroup;
			children = (
				1ACFEF2714AA76E90084FAB2 /* blueButton.png */,
				1ACFEF2814AA76E90084FAB2 /* darkgreenButton.png */,
				1ACFEF2914AA76E90084FAB2 /* darkgreenButton@2x.png */,
				1ACFEF2A14AA76E90084FAB2 /* greenButton.png */,
				1ACFEF2B14AA76E90084FAB2 /* greenButton@2x.png */,
				1ACFEF2C14AA76E90084FAB2 /* redButton.png */,
				1ACFEF2D14AA76E90084FAB2 /* redButton@2x.png */,
				1ACFEF2E14AA76E90084FAB2 /* whiteButton.png */,
			);
			path = Buttons;
			sourceTree = "<group>";
		};
		1ACFEF2F14AA76E90084FAB2 /* Icons */ = {
			isa = PBXGroup;
			children = (
				1ACFEF3014AA76E90084FAB2 /* iHZNet114.png */,
				1ACFEF3114AA76E90084FAB2 /* iHZNet512.png */,
				1ACFEF3214AA76E90084FAB2 /* iHZNet57.png */,
				1ACFEF3314AA76E90084FAB2 /* png */,
			);
			path = Icons;
			sourceTree = "<group>";
		};
		1ACFEF3314AA76E90084FAB2 /* png */ = {
			isa = PBXGroup;
			children = (
			);
			path = png;
			sourceTree = "<group>";
		};
		1ACFEF3414AA76E90084FAB2 /* Oznake */ = {
			isa = PBXGroup;
			children = (
				1ACFEF3514AA76E90084FAB2 /* AUTOMOBIL.png */,
				1ACFEF3614AA76E90084FAB2 /* AUTOMOBIL@2x.png */,
				1ACFEF3714AA76E90084FAB2 /* BICIKL.png */,
				1ACFEF3814AA76E90084FAB2 /* BICIKL@2x.png */,
				1ACFEF3914AA76E90084FAB2 /* BUFFET.png */,
				1ACFEF3A14AA76E90084FAB2 /* BUFFET@2x.png */,
				1ACFEF3B14AA76E90084FAB2 /* KREVET.png */,
				1ACFEF3C14AA76E90084FAB2 /* KREVET@2x.png */,
				1ACFEF3D14AA76E90084FAB2 /* RAZRED1.png */,
				1ACFEF3E14AA76E90084FAB2 /* RAZRED1@2x.png */,
				1ACFEF3F14AA76E90084FAB2 /* RAZRED2.png */,
				1ACFEF4014AA76E90084FAB2 /* RAZRED2@2x.png */,
				1ACFEF4114AA76E90084FAB2 /* RESTORAN.png */,
				1ACFEF4214AA76E90084FAB2 /* RESTORAN@2x.png */,
				1ACFEF4314AA76E90084FAB2 /* REZERVACIJA.png */,
				1ACFEF4414AA76E90084FAB2 /* REZERVACIJA@2x.png */,
			);
			path = Oznake;
			sourceTree = "<group>";
		};
		1ACFEF4514AA76E90084FAB2 /* ToolbarIcons */ = {
			isa = PBXGroup;
			children = (
				1ACFEF4614AA76E90084FAB2 /* bug.png */,
				1ACFEF4714AA76E90084FAB2 /* bug@2x.png */,
				1ACFEF4814AA76E90084FAB2 /* happy.png */,
				1ACFEF4914AA76E90084FAB2 /* happy@2x.png */,
				1ACFEF4A14AA76E90084FAB2 /* heart.png */,
				1ACFEF4B14AA76E90084FAB2 /* heart@2x.png */,
				1ACFEF4C14AA76E90084FAB2 /* info.png */,
				1ACFEF4D14AA76E90084FAB2 /* info@2x.png */,
				1ACFEF4E14AA76E90084FAB2 /* sad.png */,
				1ACFEF4F14AA76E90084FAB2 /* sad@2x.png */,
				1ACFEF5014AA76E90084FAB2 /* star.png */,
				1ACFEF5114AA76E90084FAB2 /* star@2x.png */,
				1ACFEF5214AA76E90084FAB2 /* starplus.png */,
				1ACFEF5314AA76E90084FAB2 /* starplus@2x.png */,
				1ACFEF5414AA76E90084FAB2 /* switch.png */,
				1ACFEF5514AA76E90084FAB2 /* switch@2x.png */,
			);
			path = ToolbarIcons;
			sourceTree = "<group>";
		};
		1ACFEF5614AA76E90084FAB2 /* XIB Images */ = {
			isa = PBXGroup;
			children = (
				1A1DC95C14ABCC70005C23B6 /* cellback.png */,
				1A1DC95D14ABCC70005C23B6 /* cellback@2x.png */,
				1ACFEF5714AA76E90084FAB2 /* expand.png */,
				1ACFEF5814AA76E90084FAB2 /* expand@2x.png */,
				1ACFEF5914AA76E90084FAB2 /* in.png */,
				1ACFEF5A14AA76E90084FAB2 /* in190.png */,
				1ACFEF5B14AA76E90084FAB2 /* in220.png */,
				1ACFEF5C14AA76E90084FAB2 /* in@2x.png */,
				1ACFEF5D14AA76E90084FAB2 /* out.png */,
				1ACFEF5E14AA76E90084FAB2 /* out190.png */,
				1ACFEF5F14AA76E90084FAB2 /* out220.png */,
				1ACFEF6014AA76E90084FAB2 /* out@2x.png */,
				1ACFEF6114AA76E90084FAB2 /* shrink.png */,
				1ACFEF6214AA76E90084FAB2 /* shrink@2x.png */,
			);
			path = "XIB Images";
			sourceTree = "<group>";
		};
		1ACFEF6514AA76E90084FAB2 /* XIB */ = {
			isa = PBXGroup;
			children = (
				1ACFEF6614AA76E90084FAB2 /* DolazniView.xib */,
				1ACFEF6714AA76E90084FAB2 /* FavoritiView.xib */,
				1ACFEF6814AA76E90084FAB2 /* FavoritTableViewCell.xib */,
				1ACFEF6914AA76E90084FAB2 /* InfoViewController.xib */,
				1ACFEF6A14AA76E90084FAB2 /* LinijaTableViewCell.xib */,
				1ACFEF6B14AA76E90084FAB2 /* MainViewController.xib */,
				1ACFEF6C14AA76E90084FAB2 /* MainWindow.xib */,
				1ACFEF6D14AA76E90084FAB2 /* OdlazniView.xib */,
				1ACFEF6E14AA76E90084FAB2 /* PutovanjeTableViewCell.xib */,
				1ACFEF6F14AA76E90084FAB2 /* RezultatiView.xib */,
				1ACFEF7014AA76E90084FAB2 /* RezultatViewController.xib */,
				1ACFEF7114AA76E90084FAB2 /* VrijemeView.xib */,
				1ACFEFC014AA90AA0084FAB2 /* StajalisteTableViewCell.xib */,
				1ACFEFC214AA91420084FAB2 /* LinijaView.xib */,
				1AA02B4714AF8AF10001467E /* ProlazisteTableViewCell.xib */,
				1AA02B4914AF8BF10001467E /* LiveInfoView.xib */,
			);
			path = XIB;
			sourceTree = "<group>";
		};
		29B97314FDCFA39411CA2CEA /* CustomTemplate */ = {
			isa = PBXGroup;
			children = (
				1ACFEF1F14AA76E90084FAB2 /* Resources */,
				080E96DDFE201D6D7F000001 /* Classes */,
				29B97315FDCFA39411CA2CEA /* Other Sources */,
				29B97323FDCFA39411CA2CEA /* Frameworks */,
				19C28FACFE9D520D11CA2CBB /* Products */,
			);
			name = CustomTemplate;
			sourceTree = "<group>";
		};
		29B97315FDCFA39411CA2CEA /* Other Sources */ = {
			isa = PBXGroup;
			children = (
				1A20365014AD1DAF008B1DBD /* iHZNet-Info.plist */,
				32CA4F630368D1EE00C91783 /* iHZNet_Prefix.pch */,
				29B97316FDCFA39411CA2CEA /* main.m */,
			);
			name = "Other Sources";
			sourceTree = "<group>";
		};
		29B97323FDCFA39411CA2CEA /* Frameworks */ = {
			isa = PBXGroup;
			children = (
				1ACFEFBD14AA7AD50084FAB2 /* SystemConfiguration.framework */,
				1AAE71811406E68D001A2CA1 /* CoreData.framework */,
				1AFC84FF13C642F20047A424 /* MessageUI.framework */,
				1AFC84F713C6425D0047A424 /* libz.dylib */,
				1AFC84F513C6422C0047A424 /* libsqlite3.dylib */,
				1AFC84F113C642170047A424 /* AVFoundation.framework */,
				1A77FBDE134A530B00E52C04 /* QuartzCore.framework */,
				1DF5F4DF0D08C38300B7A737 /* UIKit.framework */,
				1D30AB110D05D00D00671497 /* Foundation.framework */,
				288765FC0DF74451002DB57D /* CoreGraphics.framework */,
			);
			name = Frameworks;
			sourceTree = "<group>";
		};
/* End PBXGroup section */

/* Begin PBXNativeTarget section */
		1D6058900D05DD3D006BFB54 /* iHZNet */ = {
			isa = PBXNativeTarget;
			buildConfigurationList = 1D6058960D05DD3E006BFB54 /* Build configuration list for PBXNativeTarget "iHZNet" */;
			buildPhases = (
				1D60588D0D05DD3D006BFB54 /* Resources */,
				1D60588E0D05DD3D006BFB54 /* Sources */,
				1D60588F0D05DD3D006BFB54 /* Frameworks */,
			);
			buildRules = (
			);
			dependencies = (
			);
			name = iHZNet;
			productName = iHZNet;
			productReference = 1A7DF49D135CB09B00D0F8C6 /* iHZNet.app */;
			productType = "com.apple.product-type.application";
		};
/* End PBXNativeTarget section */

/* Begin PBXProject section */
		29B97313FDCFA39411CA2CEA /* Project object */ = {
			isa = PBXProject;
			attributes = {
				LastUpgradeCheck = 0500;
			};
			buildConfigurationList = C01FCF4E08A954540054247B /* Build configuration list for PBXProject "iHZNet" */;
			compatibilityVersion = "Xcode 3.2";
			developmentRegion = English;
			hasScannedForEncodings = 1;
			knownRegions = (
				English,
				Japanese,
				French,
				German,
			);
			mainGroup = 29B97314FDCFA39411CA2CEA /* CustomTemplate */;
			projectDirPath = "";
			projectRoot = "";
			targets = (
				1D6058900D05DD3D006BFB54 /* iHZNet */,
			);
		};
/* End PBXProject section */

/* Begin PBXResourcesBuildPhase section */
		1D60588D0D05DD3D006BFB54 /* Resources */ = {
			isa = PBXResourcesBuildPhase;
			buildActionMask = 2147483647;
			files = (
				1ACFEF7214AA76E90084FAB2 /* background.png in Resources */,
				1ACFEF7314AA76E90084FAB2 /* background@2x.png in Resources */,
				1ACFEF7414AA76E90084FAB2 /* Default.png in Resources */,
				1ACFEF7514AA76E90084FAB2 /* Default@2x.png in Resources */,
				1ACFEF7614AA76E90084FAB2 /* blueButton.png in Resources */,
				1ACFEF7714AA76E90084FAB2 /* darkgreenButton.png in Resources */,
				1ACFEF7814AA76E90084FAB2 /* darkgreenButton@2x.png in Resources */,
				1ACFEF7914AA76E90084FAB2 /* greenButton.png in Resources */,
				1ACFEF7A14AA76E90084FAB2 /* greenButton@2x.png in Resources */,
				1ACFEF7B14AA76E90084FAB2 /* redButton.png in Resources */,
				1ACFEF7C14AA76E90084FAB2 /* redButton@2x.png in Resources */,
				1ACFEF7D14AA76E90084FAB2 /* whiteButton.png in Resources */,
				1ACFEF7E14AA76E90084FAB2 /* iHZNet114.png in Resources */,
				1ACFEF7F14AA76E90084FAB2 /* iHZNet512.png in Resources */,
				1ACFEF8014AA76E90084FAB2 /* iHZNet57.png in Resources */,
				1ACFEF8114AA76E90084FAB2 /* AUTOMOBIL.png in Resources */,
				1ACFEF8214AA76E90084FAB2 /* AUTOMOBIL@2x.png in Resources */,
				1ACFEF8314AA76E90084FAB2 /* BICIKL.png in Resources */,
				1ACFEF8414AA76E90084FAB2 /* BICIKL@2x.png in Resources */,
				1ACFEF8514AA76E90084FAB2 /* BUFFET.png in Resources */,
				1ACFEF8614AA76E90084FAB2 /* BUFFET@2x.png in Resources */,
				1ACFEF8714AA76E90084FAB2 /* KREVET.png in Resources */,
				1ACFEF8814AA76E90084FAB2 /* KREVET@2x.png in Resources */,
				1ACFEF8914AA76E90084FAB2 /* RAZRED1.png in Resources */,
				1ACFEF8A14AA76E90084FAB2 /* RAZRED1@2x.png in Resources */,
				1ACFEF8B14AA76E90084FAB2 /* RAZRED2.png in Resources */,
				1ACFEF8C14AA76E90084FAB2 /* RAZRED2@2x.png in Resources */,
				1ACFEF8D14AA76E90084FAB2 /* RESTORAN.png in Resources */,
				1ACFEF8E14AA76E90084FAB2 /* RESTORAN@2x.png in Resources */,
				1ACFEF8F14AA76E90084FAB2 /* REZERVACIJA.png in Resources */,
				1ACFEF9014AA76E90084FAB2 /* REZERVACIJA@2x.png in Resources */,
				1ACFEF9114AA76E90084FAB2 /* bug.png in Resources */,
				1ACFEF9214AA76E90084FAB2 /* bug@2x.png in Resources */,
				1ACFEF9314AA76E90084FAB2 /* happy.png in Resources */,
				1ACFEF9414AA76E90084FAB2 /* happy@2x.png in Resources */,
				1ACFEF9514AA76E90084FAB2 /* heart.png in Resources */,
				1ACFEF9614AA76E90084FAB2 /* heart@2x.png in Resources */,
				1ACFEF9714AA76E90084FAB2 /* info.png in Resources */,
				1ACFEF9814AA76E90084FAB2 /* info@2x.png in Resources */,
				1ACFEF9914AA76E90084FAB2 /* sad.png in Resources */,
				1ACFEF9A14AA76E90084FAB2 /* sad@2x.png in Resources */,
				1ACFEF9B14AA76E90084FAB2 /* star.png in Resources */,
				1ACFEF9C14AA76E90084FAB2 /* star@2x.png in Resources */,
				1ACFEF9D14AA76E90084FAB2 /* starplus.png in Resources */,
				1ACFEF9E14AA76E90084FAB2 /* starplus@2x.png in Resources */,
				1ACFEF9F14AA76E90084FAB2 /* switch.png in Resources */,
				1ACFEFA014AA76E90084FAB2 /* switch@2x.png in Resources */,
				1ACFEFA114AA76E90084FAB2 /* expand.png in Resources */,
				1ACFEFA214AA76E90084FAB2 /* expand@2x.png in Resources */,
				1ACFEFA314AA76E90084FAB2 /* in.png in Resources */,
				1ACFEFA414AA76E90084FAB2 /* in190.png in Resources */,
				1ACFEFA514AA76E90084FAB2 /* in220.png in Resources */,
				1ACFEFA614AA76E90084FAB2 /* in@2x.png in Resources */,
				1ACFEFA714AA76E90084FAB2 /* out.png in Resources */,
				1ACFEFA814AA76E90084FAB2 /* out190.png in Resources */,
				1ACFEFA914AA76E90084FAB2 /* out220.png in Resources */,
				1ACFEFAA14AA76E90084FAB2 /* out@2x.png in Resources */,
				1ACFEFAB14AA76E90084FAB2 /* shrink.png in Resources */,
				1ACFEFAC14AA76E90084FAB2 /* shrink@2x.png in Resources */,
				1ACFEFAE14AA76E90084FAB2 /* ihznet.sqlite in Resources */,
				1ACFEFAF14AA76E90084FAB2 /* DolazniView.xib in Resources */,
				1ACFEFB014AA76E90084FAB2 /* FavoritiView.xib in Resources */,
				1ACFEFB114AA76E90084FAB2 /* FavoritTableViewCell.xib in Resources */,
				1ACFEFB214AA76E90084FAB2 /* InfoViewController.xib in Resources */,
				1ACFEFB314AA76E90084FAB2 /* LinijaTableViewCell.xib in Resources */,
				1ACFEFB414AA76E90084FAB2 /* MainViewController.xib in Resources */,
				1ACFEFB514AA76E90084FAB2 /* MainWindow.xib in Resources */,
				1ACFEFB614AA76E90084FAB2 /* OdlazniView.xib in Resources */,
				1ACFEFB714AA76E90084FAB2 /* PutovanjeTableViewCell.xib in Resources */,
				1ACFEFB814AA76E90084FAB2 /* RezultatiView.xib in Resources */,
				1ACFEFB914AA76E90084FAB2 /* RezultatViewController.xib in Resources */,
				1ACFEFBA14AA76E90084FAB2 /* VrijemeView.xib in Resources */,
				1ACFEFC114AA90AA0084FAB2 /* StajalisteTableViewCell.xib in Resources */,
				1ACFEFC314AA91420084FAB2 /* LinijaView.xib in Resources */,
				1A1DC95E14ABCC70005C23B6 /* cellback.png in Resources */,
				1A1DC95F14ABCC70005C23B6 /* cellback@2x.png in Resources */,
				1AA02B4814AF8AF10001467E /* ProlazisteTableViewCell.xib in Resources */,
				1AA02B4A14AF8BF10001467E /* LiveInfoView.xib in Resources */,
				1AECBDAE1610FB0A00002DA2 /* Default-568h@2x.png in Resources */,
			);
			runOnlyForDeploymentPostprocessing = 0;
		};
/* End PBXResourcesBuildPhase section */

/* Begin PBXSourcesBuildPhase section */
		1D60588E0D05DD3D006BFB54 /* Sources */ = {
			isa = PBXSourcesBuildPhase;
			buildActionMask = 2147483647;
			files = (
				1D60589B0D05DD56006BFB54 /* main.m in Sources */,
				1D3623260D0F684500981E51 /* iHZNetAppDelegate.m in Sources */,
				1A817E8B1323B6120046027B /* OdlazniViewController.m in Sources */,
				1A817E8E1323B61F0046027B /* DolazniViewController.m in Sources */,
				1A817E911323B62D0046027B /* VrijemeViewController.m in Sources */,
				1A817E941323B6500046027B /* RezultatiViewController.m in Sources */,
				1A732FC2132ED2F80076C736 /* HZiface.m in Sources */,
				1A7B7654133DE8CB00016AE3 /* KolodvorViewController.m in Sources */,
				1A7A6A79133F956F00BB4F4D /* RezultatiParser.m in Sources */,
				1A9DEE751356453700B04003 /* Indicators.m in Sources */,
				1A80BF391368B23600BD80B3 /* Linija.m in Sources */,
				1A1069BD13C25FA80084C199 /* Raspored.m in Sources */,
				1A1069C013C25FBC0084C199 /* Putovanje.m in Sources */,
				1A179D6513CF5BC3005AADA2 /* MainViewController.m in Sources */,
				1A01186513F45CD0000372F3 /* Kolodvor.m in Sources */,
				1A7C524B13FBA80A0012C113 /* Appirater.m in Sources */,
				1A24E8F81402D35100F4FE67 /* FavoritiViewController.m in Sources */,
				1AAE71801406E663001A2CA1 /* DataModel.xcdatamodeld in Sources */,
				1AAE71881406F985001A2CA1 /* Favorit.m in Sources */,
				1A49E3B7142284B3008DDBDE /* InfoViewController.m in Sources */,
				1ACFEFC614AA91940084FAB2 /* LinijaViewController.m in Sources */,
				1ACFEFC914AA91DE0084FAB2 /* Stajaliste.m in Sources */,
				1AA02B4114AF89190001467E /* Prolaziste.m in Sources */,
				1AA02B4414AF8A4C0001467E /* LiveInfo.m in Sources */,
				1AA02B4D14AF8D360001467E /* LiveInfoViewController.m in Sources */,
			);
			runOnlyForDeploymentPostprocessing = 0;
		};
/* End PBXSourcesBuildPhase section */

/* Begin XCBuildConfiguration section */
		1D6058940D05DD3E006BFB54 /* Debug */ = {
			isa = XCBuildConfiguration;
			buildSettings = {
				ALWAYS_SEARCH_USER_PATHS = NO;
				"CODE_SIGN_IDENTITY[sdk=iphoneos*]" = "";
				COPY_PHASE_STRIP = NO;
				FRAMEWORK_SEARCH_PATHS = (
					"$(inherited)",
					"\"$(SRCROOT)\"",
				);
				GCC_DYNAMIC_NO_PIC = NO;
				GCC_OPTIMIZATION_LEVEL = 0;
				GCC_PRECOMPILE_PREFIX_HEADER = YES;
				GCC_PREFIX_HEADER = iHZNet_Prefix.pch;
				GCC_VERSION = com.apple.compilers.llvm.clang.1_0;
				INFOPLIST_FILE = "iHZNet-Info.plist";
				IPHONEOS_DEPLOYMENT_TARGET = 7.0;
				LIBRARY_SEARCH_PATHS = $inherited;
				PRODUCT_NAME = iHZNet;
				PROVISIONING_PROFILE = "";
				"PROVISIONING_PROFILE[sdk=iphoneos*]" = "AA2A3E65-5CE1-4B60-AF57-13C8A4712070";
			};
			name = Debug;
		};
		1D6058950D05DD3E006BFB54 /* Release */ = {
			isa = XCBuildConfiguration;
			buildSettings = {
				ALWAYS_SEARCH_USER_PATHS = NO;
				CODE_SIGN_IDENTITY = "";
				"CODE_SIGN_IDENTITY[sdk=iphoneos*]" = "";
				COPY_PHASE_STRIP = YES;
				FRAMEWORK_SEARCH_PATHS = (
					"$(inherited)",
					"\"$(SRCROOT)\"",
				);
				GCC_PRECOMPILE_PREFIX_HEADER = YES;
				GCC_PREFIX_HEADER = iHZNet_Prefix.pch;
				GCC_VERSION = com.apple.compilers.llvm.clang.1_0;
				INFOPLIST_FILE = "iHZNet-Info.plist";
				IPHONEOS_DEPLOYMENT_TARGET = 7.0;
				LIBRARY_SEARCH_PATHS = $inherited;
				PRODUCT_NAME = iHZNet;
				PROVISIONING_PROFILE = "";
				"PROVISIONING_PROFILE[sdk=iphoneos*]" = "4F62D996-EAE4-4191-9AB0-82140198694A";
				VALIDATE_PRODUCT = YES;
			};
			name = Release;
		};
		C01FCF4F08A954540054247B /* Debug */ = {
			isa = XCBuildConfiguration;
			buildSettings = {
				CODE_SIGN_IDENTITY = "";
				"CODE_SIGN_IDENTITY[sdk=iphoneos*]" = "iPhone Developer: Ivor Prebeg (28QBDR34XK)";
				GCC_C_LANGUAGE_STANDARD = c99;
				GCC_WARN_ABOUT_RETURN_TYPE = YES;
				GCC_WARN_UNUSED_VARIABLE = YES;
				IPHONEOS_DEPLOYMENT_TARGET = 4.3;
				ONLY_ACTIVE_ARCH = YES;
				PROVISIONING_PROFILE = "";
				"PROVISIONING_PROFILE[sdk=iphoneos*]" = "";
				SDKROOT = iphoneos;
			};
			name = Debug;
		};
		C01FCF5008A954540054247B /* Release */ = {
			isa = XCBuildConfiguration;
			buildSettings = {
				CODE_SIGN_IDENTITY = "";
				"CODE_SIGN_IDENTITY[sdk=iphoneos*]" = "iPhone Distribution: Ivor Prebeg";
				GCC_C_LANGUAGE_STANDARD = c99;
				GCC_WARN_ABOUT_RETURN_TYPE = YES;
				GCC_WARN_UNUSED_VARIABLE = YES;
				IPHONEOS_DEPLOYMENT_TARGET = 4.3;
				ONLY_ACTIVE_ARCH = NO;
				OTHER_CFLAGS = "-DNS_BLOCK_ASSERTIONS=1";
				PROVISIONING_PROFILE = "";
				"PROVISIONING_PROFILE[sdk=iphoneos*]" = "4F62D996-EAE4-4191-9AB0-82140198694A";
				SDKROOT = iphoneos;
			};
			name = Release;
		};
/* End XCBuildConfiguration section */

/* Begin XCConfigurationList section */
		1D6058960D05DD3E006BFB54 /* Build configuration list for PBXNativeTarget "iHZNet" */ = {
			isa = XCConfigurationList;
			buildConfigurations = (
				1D6058940D05DD3E006BFB54 /* Debug */,
				1D6058950D05DD3E006BFB54 /* Release */,
			);
			defaultConfigurationIsVisible = 0;
			defaultConfigurationName = Debug;
		};
		C01FCF4E08A954540054247B /* Build configuration list for PBXProject "iHZNet" */ = {
			isa = XCConfigurationList;
			buildConfigurations = (
				C01FCF4F08A954540054247B /* Debug */,
				C01FCF5008A954540054247B /* Release */,
			);
			defaultConfigurationIsVisible = 0;
			defaultConfigurationName = Debug;
		};
/* End XCConfigurationList section */

/* Begin XCVersionGroup section */
		1AAE717E1406E663001A2CA1 /* DataModel.xcdatamodeld */ = {
			isa = XCVersionGroup;
			children = (
				1AAE717F1406E663001A2CA1 /* DataModel.xcdatamodel */,
			);
			currentVersion = 1AAE717F1406E663001A2CA1 /* DataModel.xcdatamodel */;
			path = DataModel.xcdatamodeld;
			sourceTree = "<group>";
			versionGroupType = wrapper.xcdatamodel;
		};
/* End XCVersionGroup section */
	};
	rootObject = 29B97313FDCFA39411CA2CEA /* Project object */;
}
